
Microsoft Visual Studio Solution File, Format Version 12.00
# Visual Studio 2012
Project("{FAE04EC0-301F-11D3-BF4B-00C04F79EFBC}") = "ICT13580002", "ICT13580002\ICT13580002.csproj", "{1986A01F-DE61-4FC0-93DE-657CA889262D}"
EndProject
Project("{FAE04EC0-301F-11D3-BF4B-00C04F79EFBC}") = "ICT13580002.iOS", "iOS\ICT13580002.iOS.csproj", "{1F40B6EC-915E-428F-94EC-3B40C0167F7D}"
EndProject
Project("{FAE04EC0-301F-11D3-BF4B-00C04F79EFBC}") = "ICT13580002.Droid", "Droid\ICT13580002.Droid.csproj", "{C7B545A2-B2D8-429E-9ED9-4AFE4A606A82}"
EndProject
Global
	GlobalSection(SolutionConfigurationPlatforms) = preSolution
		Debug|Any CPU = Debug|Any CPU
		Release|Any CPU = Release|Any CPU
		Debug|iPhoneSimulator = Debug|iPhoneSimulator
		Release|iPhone = Release|iPhone
		Release|iPhoneSimulator = Release|iPhoneSimulator
		Debug|iPhone = Debug|iPhone
	EndGlobalSection
	GlobalSection(ProjectConfigurationPlatforms) = postSolution
		{1986A01F-DE61-4FC0-93DE-657CA889262D}.Debug|Any CPU.ActiveCfg = Debug|Any CPU
		{1986A01F-DE61-4FC0-93DE-657CA889262D}.Debug|Any CPU.Build.0 = Debug|Any CPU
		{1986A01F-DE61-4FC0-93DE-657CA889262D}.Release|Any CPU.ActiveCfg = Release|Any CPU
		{1986A01F-DE61-4FC0-93DE-657CA889262D}.Release|Any CPU.Build.0 = Release|Any CPU
		{1986A01F-DE61-4FC0-93DE-657CA889262D}.Debug|iPhoneSimulator.ActiveCfg = Debug|Any CPU
		{1986A01F-DE61-4FC0-93DE-657CA889262D}.Debug|iPhoneSimulator.Build.0 = Debug|Any CPU
		{1986A01F-DE61-4FC0-93DE-657CA889262D}.Release|iPhone.ActiveCfg = Release|Any CPU
		{1986A01F-DE61-4FC0-93DE-657CA889262D}.Release|iPhone.Build.0 = Release|Any CPU
		{1986A01F-DE61-4FC0-93DE-657CA889262D}.Release|iPhoneSimulator.ActiveCfg = Release|Any CPU
		{1986A01F-DE61-4FC0-93DE-657CA889262D}.Release|iPhoneSimulator.Build.0 = Release|Any CPU
		{1986A01F-DE61-4FC0-93DE-657CA889262D}.Debug|iPhone.ActiveCfg = Debug|Any CPU
		{1986A01F-DE61-4FC0-93DE-657CA889262D}.Debug|iPhone.Build.0 = Debug|Any CPU
		{1F40B6EC-915E-428F-94EC-3B40C0167F7D}.Debug|Any CPU.ActiveCfg = Debug|iPhoneSimulator
		{1F40B6EC-915E-428F-94EC-3B40C0167F7D}.Debug|Any CPU.Build.0 = Debug|iPhoneSimulator
		{1F40B6EC-915E-428F-94EC-3B40C0167F7D}.Release|Any CPU.ActiveCfg = Release|iPhone
		{1F40B6EC-915E-428F-94EC-3B40C0167F7D}.Release|Any CPU.Build.0 = Release|iPhone
		{1F40B6EC-915E-428F-94EC-3B40C0167F7D}.Debug|iPhoneSimulator.ActiveCfg = Debug|iPhoneSimulator
		{1F40B6EC-915E-428F-94EC-3B40C0167F7D}.Debug|iPhoneSimulator.Build.0 = Debug|iPhoneSimulator
		{1F40B6EC-915E-428F-94EC-3B40C0167F7D}.Release|iPhone.ActiveCfg = Release|iPhone
		{1F40B6EC-915E-428F-94EC-3B40C0167F7D}.Release|iPhone.Build.0 = Release|iPhone
		{1F40B6EC-915E-428F-94EC-3B40C0167F7D}.Release|iPhoneSimulator.ActiveCfg = Release|iPhoneSimulator
		{1F40B6EC-915E-428F-94EC-3B40C0167F7D}.Release|iPhoneSimulator.Build.0 = Release|iPhoneSimulator
		{1F40B6EC-915E-428F-94EC-3B40C0167F7D}.Debug|iPhone.ActiveCfg = Debug|iPhone
		{1F40B6EC-915E-428F-94EC-3B40C0167F7D}.Debug|iPhone.Build.0 = Debug|iPhone
		{C7B545A2-B2D8-429E-9ED9-4AFE4A606A82}.Debug|Any CPU.ActiveCfg = Debug|Any CPU
		{C7B545A2-B2D8-429E-9ED9-4AFE4A606A82}.Debug|Any CPU.Build.0 = Debug|Any CPU
		{C7B545A2-B2D8-429E-9ED9-4AFE4A606A82}.Release|Any CPU.ActiveCfg = Release|Any CPU
		{C7B545A2-B2D8-429E-9ED9-4AFE4A606A82}.Release|Any CPU.Build.0 = Release|Any CPU
		{C7B545A2-B2D8-429E-9ED9-4AFE4A606A82}.Debug|iPhoneSimulator.ActiveCfg = Debug|Any CPU
		{C7B545A2-B2D8-429E-9ED9-4AFE4A606A82}.Debug|iPhoneSimulator.Build.0 = Debug|Any CPU
		{C7B545A2-B2D8-429E-9ED9-4AFE4A606A82}.Release|iPhone.ActiveCfg = Release|Any CPU
		{C7B545A2-B2D8-429E-9ED9-4AFE4A606A82}.Release|iPhone.Build.0 = Release|Any CPU
		{C7B545A2-B2D8-429E-9ED9-4AFE4A606A82}.Release|iPhoneSimulator.ActiveCfg = Release|Any CPU
		{C7B545A2-B2D8-429E-9ED9-4AFE4A606A82}.Release|iPhoneSimulator.Build.0 = Release|Any CPU
		{C7B545A2-B2D8-429E-9ED9-4AFE4A606A82}.Debug|iPhone.ActiveCfg = Debug|Any CPU
		{C7B545A2-B2D8-429E-9ED9-4AFE4A606A82}.Debug|iPhone.Build.0 = Debug|Any CPU
	EndGlobalSection
EndGlobal
